// !$*UTF8*$!
{
	archiveVersion = 1;
	classes = {
	};
	objectVersion = 77;
	objects = {

/* Begin PBXBuildFile section */
		245B8A582A5F645418A5DE7E /* Pods_SwiftNote_AI_SwiftNote_AIUITests.framework in Frameworks */ = {isa = PBXBuildFile; fileRef = B1C469F7E9C918959913AF6E /* Pods_SwiftNote_AI_SwiftNote_AIUITests.framework */; };
		92A81B51B8FC0860E72B57D6 /* Pods_SwiftNote_AI.framework in Frameworks */ = {isa = PBXBuildFile; fileRef = F4EDFCF6B1AB7F4AF2931364 /* Pods_SwiftNote_AI.framework */; };
		BF88E59E1234D1F5B2CFB1AB /* Pods_SwiftNote_AITests.framework in Frameworks */ = {isa = PBXBuildFile; fileRef = 0755E83C96F89E43BDAF2C74 /* Pods_SwiftNote_AITests.framework */; };
		C950AFAC2D5D0AD600558875 /* AIProxy in Frameworks */ = {isa = PBXBuildFile; productRef = C950AFAB2D5D0AD600558875 /* AIProxy */; };
		C950B0352D5E1EAC00558875 /* Down in Frameworks */ = {isa = PBXBuildFile; productRef = C950B0342D5E1EAC00558875 /* Down */; };
		C98454D02DB2307C0008CDDB /* SwiftSoup in Frameworks */ = {isa = PBXBuildFile; productRef = C98454CF2DB2307C0008CDDB /* SwiftSoup */; };
		C9BDA81D2DCE302E0039A5BB /* Auth in Frameworks */ = {isa = PBXBuildFile; productRef = C9BDA81C2DCE302E0039A5BB /* Auth */; };
		C9BDA81F2DCE302E0039A5BB /* PostgREST in Frameworks */ = {isa = PBXBuildFile; productRef = C9BDA81E2DCE302E0039A5BB /* PostgREST */; };
		C9BDA8212DCE302E0039A5BB /* Realtime in Frameworks */ = {isa = PBXBuildFile; productRef = C9BDA8202DCE302E0039A5BB /* Realtime */; };
		C9BDA8232DCE302E0039A5BB /* Storage in Frameworks */ = {isa = PBXBuildFile; productRef = C9BDA8222DCE302E0039A5BB /* Storage */; };
		C9BDA8252DCE302E0039A5BB /* Supabase in Frameworks */ = {isa = PBXBuildFile; productRef = C9BDA8242DCE302E0039A5BB /* Supabase */; };
/* End PBXBuildFile section */

/* Begin PBXContainerItemProxy section */
		C9F047202CF92F090031419E /* PBXContainerItemProxy */ = {
			isa = PBXContainerItemProxy;
			containerPortal = C9F047002CF92F080031419E /* Project object */;
			proxyType = 1;
			remoteGlobalIDString = C9F047072CF92F080031419E;
			remoteInfo = "SwiftNote AI";
		};
		C9F0472A2CF92F090031419E /* PBXContainerItemProxy */ = {
			isa = PBXContainerItemProxy;
			containerPortal = C9F047002CF92F080031419E /* Project object */;
			proxyType = 1;
			remoteGlobalIDString = C9F047072CF92F080031419E;
			remoteInfo = "SwiftNote AI";
		};
/* End PBXContainerItemProxy section */

/* Begin PBXFileReference section */
		0755E83C96F89E43BDAF2C74 /* Pods_SwiftNote_AITests.framework */ = {isa = PBXFileReference; explicitFileType = wrapper.framework; includeInIndex = 0; path = Pods_SwiftNote_AITests.framework; sourceTree = BUILT_PRODUCTS_DIR; };
		B1C469F7E9C918959913AF6E /* Pods_SwiftNote_AI_SwiftNote_AIUITests.framework */ = {isa = PBXFileReference; explicitFileType = wrapper.framework; includeInIndex = 0; path = Pods_SwiftNote_AI_SwiftNote_AIUITests.framework; sourceTree = BUILT_PRODUCTS_DIR; };
		C9F047082CF92F080031419E /* SwiftNote AI.app */ = {isa = PBXFileReference; explicitFileType = wrapper.application; includeInIndex = 0; path = "SwiftNote AI.app"; sourceTree = BUILT_PRODUCTS_DIR; };
		C9F0471F2CF92F090031419E /* SwiftNote AITests.xctest */ = {isa = PBXFileReference; explicitFileType = wrapper.cfbundle; includeInIndex = 0; path = "SwiftNote AITests.xctest"; sourceTree = BUILT_PRODUCTS_DIR; };
		C9F047292CF92F090031419E /* SwiftNote AIUITests.xctest */ = {isa = PBXFileReference; explicitFileType = wrapper.cfbundle; includeInIndex = 0; path = "SwiftNote AIUITests.xctest"; sourceTree = BUILT_PRODUCTS_DIR; };
		F4EDFCF6B1AB7F4AF2931364 /* Pods_SwiftNote_AI.framework */ = {isa = PBXFileReference; explicitFileType = wrapper.framework; includeInIndex = 0; path = Pods_SwiftNote_AI.framework; sourceTree = BUILT_PRODUCTS_DIR; };
/* End PBXFileReference section */

/* Begin PBXFileSystemSynchronizedBuildFileExceptionSet section */
		C9F047312CF92F090031419E /* Exceptions for "SwiftNote AI" folder in "SwiftNote AI" target */ = {
			isa = PBXFileSystemSynchronizedBuildFileExceptionSet;
			membershipExceptions = (
				Info.plist,
			);
			target = C9F047072CF92F080031419E /* SwiftNote AI */;
		};
/* End PBXFileSystemSynchronizedBuildFileExceptionSet section */

/* Begin PBXFileSystemSynchronizedRootGroup section */
		C9F0470A2CF92F080031419E /* SwiftNote AI */ = {
			isa = PBXFileSystemSynchronizedRootGroup;
			exceptions = (
				C9F047312CF92F090031419E /* Exceptions for "SwiftNote AI" folder in "SwiftNote AI" target */,
			);
			path = "SwiftNote AI";
			sourceTree = "<group>";
		};
		C9F047222CF92F090031419E /* SwiftNote AITests */ = {
			isa = PBXFileSystemSynchronizedRootGroup;
			path = "SwiftNote AITests";
			sourceTree = "<group>";
		};
		C9F0472C2CF92F090031419E /* SwiftNote AIUITests */ = {
			isa = PBXFileSystemSynchronizedRootGroup;
			path = "SwiftNote AIUITests";
			sourceTree = "<group>";
		};
/* End PBXFileSystemSynchronizedRootGroup section */

/* Begin PBXFrameworksBuildPhase section */
		C9F047052CF92F080031419E /* Frameworks */ = {
			isa = PBXFrameworksBuildPhase;
			buildActionMask = 2147483647;
			files = (
				C950B0352D5E1EAC00558875 /* Down in Frameworks */,
				C950AFAC2D5D0AD600558875 /* AIProxy in Frameworks */,
				C9BDA8232DCE302E0039A5BB /* Storage in Frameworks */,
				C9BDA81D2DCE302E0039A5BB /* Auth in Frameworks */,
				C9BDA8252DCE302E0039A5BB /* Supabase in Frameworks */,
				C9BDA8212DCE302E0039A5BB /* Realtime in Frameworks */,
				C98454D02DB2307C0008CDDB /* SwiftSoup in Frameworks */,
				C9BDA81F2DCE302E0039A5BB /* PostgREST in Frameworks */,
				92A81B51B8FC0860E72B57D6 /* Pods_SwiftNote_AI.framework in Frameworks */,
			);
			runOnlyForDeploymentPostprocessing = 0;
		};
		C9F0471C2CF92F090031419E /* Frameworks */ = {
			isa = PBXFrameworksBuildPhase;
			buildActionMask = 2147483647;
			files = (
				BF88E59E1234D1F5B2CFB1AB /* Pods_SwiftNote_AITests.framework in Frameworks */,
			);
			runOnlyForDeploymentPostprocessing = 0;
		};
		C9F047262CF92F090031419E /* Frameworks */ = {
			isa = PBXFrameworksBuildPhase;
			buildActionMask = 2147483647;
			files = (
				245B8A582A5F645418A5DE7E /* Pods_SwiftNote_AI_SwiftNote_AIUITests.framework in Frameworks */,
			);
			runOnlyForDeploymentPostprocessing = 0;
		};
/* End PBXFrameworksBuildPhase section */

/* Begin PBXGroup section */
		9ABAA2075F71789557984A17 /* Frameworks */ = {
			isa = PBXGroup;
			children = (
				F4EDFCF6B1AB7F4AF2931364 /* Pods_SwiftNote_AI.framework */,
				B1C469F7E9C918959913AF6E /* Pods_SwiftNote_AI_SwiftNote_AIUITests.framework */,
				0755E83C96F89E43BDAF2C74 /* Pods_SwiftNote_AITests.framework */,
			);
			name = Frameworks;
			sourceTree = "<group>";
		};
		C9F046FF2CF92F080031419E = {
			isa = PBXGroup;
			children = (
				C9F0470A2CF92F080031419E /* SwiftNote AI */,
				C9F047222CF92F090031419E /* SwiftNote AITests */,
				C9F0472C2CF92F090031419E /* SwiftNote AIUITests */,
				C9F047092CF92F080031419E /* Products */,
				9ABAA2075F71789557984A17 /* Frameworks */,
			);
			sourceTree = "<group>";
		};
		C9F047092CF92F080031419E /* Products */ = {
			isa = PBXGroup;
			children = (
				C9F047082CF92F080031419E /* SwiftNote AI.app */,
				C9F0471F2CF92F090031419E /* SwiftNote AITests.xctest */,
				C9F047292CF92F090031419E /* SwiftNote AIUITests.xctest */,
			);
			name = Products;
			sourceTree = "<group>";
		};
/* End PBXGroup section */

/* Begin PBXNativeTarget section */
		C9F047072CF92F080031419E /* SwiftNote AI */ = {
			isa = PBXNativeTarget;
			buildConfigurationList = C9F047322CF92F090031419E /* Build configuration list for PBXNativeTarget "SwiftNote AI" */;
			buildPhases = (
				C8669784B02D7FFE0D65D96D /* [CP] Check Pods Manifest.lock */,
				C9F047042CF92F080031419E /* Sources */,
				C9F047052CF92F080031419E /* Frameworks */,
				C9F047062CF92F080031419E /* Resources */,
			);
			buildRules = (
			);
			dependencies = (
			);
			fileSystemSynchronizedGroups = (
				C9F0470A2CF92F080031419E /* SwiftNote AI */,
			);
			name = "SwiftNote AI";
			packageProductDependencies = (
				C950AFAB2D5D0AD600558875 /* AIProxy */,
				C950B0342D5E1EAC00558875 /* Down */,
				C98454CF2DB2307C0008CDDB /* SwiftSoup */,
				C9BDA81C2DCE302E0039A5BB /* Auth */,
				C9BDA81E2DCE302E0039A5BB /* PostgREST */,
				C9BDA8202DCE302E0039A5BB /* Realtime */,
				C9BDA8222DCE302E0039A5BB /* Storage */,
				C9BDA8242DCE302E0039A5BB /* Supabase */,
			);
			productName = "SwiftNote AI";
			productReference = C9F047082CF92F080031419E /* SwiftNote AI.app */;
			productType = "com.apple.product-type.application";
		};
		C9F0471E2CF92F090031419E /* SwiftNote AITests */ = {
			isa = PBXNativeTarget;
			buildConfigurationList = C9F047372CF92F090031419E /* Build configuration list for PBXNativeTarget "SwiftNote AITests" */;
			buildPhases = (
				91D9DFCDC79DA2E97189EA71 /* [CP] Check Pods Manifest.lock */,
				C9F0471B2CF92F090031419E /* Sources */,
				C9F0471C2CF92F090031419E /* Frameworks */,
				C9F0471D2CF92F090031419E /* Resources */,
			);
			buildRules = (
			);
			dependencies = (
				C9F047212CF92F090031419E /* PBXTargetDependency */,
			);
			fileSystemSynchronizedGroups = (
				C9F047222CF92F090031419E /* SwiftNote AITests */,
			);
			name = "SwiftNote AITests";
			productName = "SwiftNote AITests";
			productReference = C9F0471F2CF92F090031419E /* SwiftNote AITests.xctest */;
			productType = "com.apple.product-type.bundle.unit-test";
		};
		C9F047282CF92F090031419E /* SwiftNote AIUITests */ = {
			isa = PBXNativeTarget;
			buildConfigurationList = C9F0473A2CF92F090031419E /* Build configuration list for PBXNativeTarget "SwiftNote AIUITests" */;
			buildPhases = (
				21C643DAE9798CD89016B3BD /* [CP] Check Pods Manifest.lock */,
				C9F047252CF92F090031419E /* Sources */,
				C9F047262CF92F090031419E /* Frameworks */,
				C9F047272CF92F090031419E /* Resources */,
			);
			buildRules = (
			);
			dependencies = (
				C9F0472B2CF92F090031419E /* PBXTargetDependency */,
			);
			fileSystemSynchronizedGroups = (
				C9F0472C2CF92F090031419E /* SwiftNote AIUITests */,
			);
			name = "SwiftNote AIUITests";
			productName = "SwiftNote AIUITests";
			productReference = C9F047292CF92F090031419E /* SwiftNote AIUITests.xctest */;
			productType = "com.apple.product-type.bundle.ui-testing";
		};
/* End PBXNativeTarget section */

/* Begin PBXProject section */
		C9F047002CF92F080031419E /* Project object */ = {
			isa = PBXProject;
			attributes = {
				BuildIndependentTargetsInParallel = 1;
				LastSwiftUpdateCheck = 1610;
				LastUpgradeCheck = 1610;
				TargetAttributes = {
					C9F047072CF92F080031419E = {
						CreatedOnToolsVersion = 16.1;
					};
					C9F0471E2CF92F090031419E = {
						CreatedOnToolsVersion = 16.1;
						TestTargetID = C9F047072CF92F080031419E;
					};
					C9F047282CF92F090031419E = {
						CreatedOnToolsVersion = 16.1;
						TestTargetID = C9F047072CF92F080031419E;
					};
				};
			};
			buildConfigurationList = C9F047032CF92F080031419E /* Build configuration list for PBXProject "SwiftNote AI" */;
			developmentRegion = en;
			hasScannedForEncodings = 0;
			knownRegions = (
				en,
				Base,
			);
			mainGroup = C9F046FF2CF92F080031419E;
			minimizedProjectReferenceProxies = 1;
			packageReferences = (
				C950AFAA2D5D0AD600558875 /* XCRemoteSwiftPackageReference "AIProxySwift" */,
				C950B0332D5E1EAC00558875 /* XCRemoteSwiftPackageReference "Down" */,
				C98454CE2DB2307C0008CDDB /* XCRemoteSwiftPackageReference "SwiftSoup" */,
				C9BDA81B2DCE302E0039A5BB /* XCRemoteSwiftPackageReference "supabase-swift" */,
			);
			preferredProjectObjectVersion = 77;
			productRefGroup = C9F047092CF92F080031419E /* Products */;
			projectDirPath = "";
			projectRoot = "";
			targets = (
				C9F047072CF92F080031419E /* SwiftNote AI */,
				C9F0471E2CF92F090031419E /* SwiftNote AITests */,
				C9F047282CF92F090031419E /* SwiftNote AIUITests */,
			);
		};
/* End PBXProject section */

/* Begin PBXResourcesBuildPhase section */
		C9F047062CF92F080031419E /* Resources */ = {
			isa = PBXResourcesBuildPhase;
			buildActionMask = 2147483647;
			files = (
			);
			runOnlyForDeploymentPostprocessing = 0;
		};
		C9F0471D2CF92F090031419E /* Resources */ = {
			isa = PBXResourcesBuildPhase;
			buildActionMask = 2147483647;
			files = (
			);
			runOnlyForDeploymentPostprocessing = 0;
		};
		C9F047272CF92F090031419E /* Resources */ = {
			isa = PBXResourcesBuildPhase;
			buildActionMask = 2147483647;
			files = (
			);
			runOnlyForDeploymentPostprocessing = 0;
		};
/* End PBXResourcesBuildPhase section */

/* Begin PBXShellScriptBuildPhase section */
		21C643DAE9798CD89016B3BD /* [CP] Check Pods Manifest.lock */ = {
			isa = PBXShellScriptBuildPhase;
			buildActionMask = 2147483647;
			files = (
			);
			inputFileListPaths = (
			);
			inputPaths = (
				"${PODS_PODFILE_DIR_PATH}/Podfile.lock",
				"${PODS_ROOT}/Manifest.lock",
			);
			name = "[CP] Check Pods Manifest.lock";
			outputFileListPaths = (
			);
			outputPaths = (
				"$(DERIVED_FILE_DIR)/Pods-SwiftNote AI-SwiftNote AIUITests-checkManifestLockResult.txt",
			);
			runOnlyForDeploymentPostprocessing = 0;
			shellPath = /bin/sh;
			shellScript = "diff \"${PODS_PODFILE_DIR_PATH}/Podfile.lock\" \"${PODS_ROOT}/Manifest.lock\" > /dev/null\nif [ $? != 0 ] ; then\n    # print error to STDERR\n    echo \"error: The sandbox is not in sync with the Podfile.lock. Run 'pod install' or update your CocoaPods installation.\" >&2\n    exit 1\nfi\n# This output is used by Xcode 'outputs' to avoid re-running this script phase.\necho \"SUCCESS\" > \"${SCRIPT_OUTPUT_FILE_0}\"\n";
			showEnvVarsInLog = 0;
		};
		91D9DFCDC79DA2E97189EA71 /* [CP] Check Pods Manifest.lock */ = {
			isa = PBXShellScriptBuildPhase;
			buildActionMask = 2147483647;
			files = (
			);
			inputFileListPaths = (
			);
			inputPaths = (
				"${PODS_PODFILE_DIR_PATH}/Podfile.lock",
				"${PODS_ROOT}/Manifest.lock",
			);
			name = "[CP] Check Pods Manifest.lock";
			outputFileListPaths = (
			);
			outputPaths = (
				"$(DERIVED_FILE_DIR)/Pods-SwiftNote AITests-checkManifestLockResult.txt",
			);
			runOnlyForDeploymentPostprocessing = 0;
			shellPath = /bin/sh;
			shellScript = "diff \"${PODS_PODFILE_DIR_PATH}/Podfile.lock\" \"${PODS_ROOT}/Manifest.lock\" > /dev/null\nif [ $? != 0 ] ; then\n    # print error to STDERR\n    echo \"error: The sandbox is not in sync with the Podfile.lock. Run 'pod install' or update your CocoaPods installation.\" >&2\n    exit 1\nfi\n# This output is used by Xcode 'outputs' to avoid re-running this script phase.\necho \"SUCCESS\" > \"${SCRIPT_OUTPUT_FILE_0}\"\n";
			showEnvVarsInLog = 0;
		};
		C8669784B02D7FFE0D65D96D /* [CP] Check Pods Manifest.lock */ = {
			isa = PBXShellScriptBuildPhase;
			buildActionMask = 2147483647;
			files = (
			);
			inputFileListPaths = (
			);
			inputPaths = (
				"${PODS_PODFILE_DIR_PATH}/Podfile.lock",
				"${PODS_ROOT}/Manifest.lock",
			);
			name = "[CP] Check Pods Manifest.lock";
			outputFileListPaths = (
			);
			outputPaths = (
				"$(DERIVED_FILE_DIR)/Pods-SwiftNote AI-checkManifestLockResult.txt",
			);
			runOnlyForDeploymentPostprocessing = 0;
			shellPath = /bin/sh;
			shellScript = "diff \"${PODS_PODFILE_DIR_PATH}/Podfile.lock\" \"${PODS_ROOT}/Manifest.lock\" > /dev/null\nif [ $? != 0 ] ; then\n    # print error to STDERR\n    echo \"error: The sandbox is not in sync with the Podfile.lock. Run 'pod install' or update your CocoaPods installation.\" >&2\n    exit 1\nfi\n# This output is used by Xcode 'outputs' to avoid re-running this script phase.\necho \"SUCCESS\" > \"${SCRIPT_OUTPUT_FILE_0}\"\n";
			showEnvVarsInLog = 0;
		};
/* End PBXShellScriptBuildPhase section */

/* Begin PBXSourcesBuildPhase section */
		C9F047042CF92F080031419E /* Sources */ = {
			isa = PBXSourcesBuildPhase;
			buildActionMask = 2147483647;
			files = (
			);
			runOnlyForDeploymentPostprocessing = 0;
		};
		C9F0471B2CF92F090031419E /* Sources */ = {
			isa = PBXSourcesBuildPhase;
			buildActionMask = 2147483647;
			files = (
			);
			runOnlyForDeploymentPostprocessing = 0;
		};
		C9F047252CF92F090031419E /* Sources */ = {
			isa = PBXSourcesBuildPhase;
			buildActionMask = 2147483647;
			files = (
			);
			runOnlyForDeploymentPostprocessing = 0;
		};
/* End PBXSourcesBuildPhase section */

/* Begin PBXTargetDependency section */
		C9F047212CF92F090031419E /* PBXTargetDependency */ = {
			isa = PBXTargetDependency;
			target = C9F047072CF92F080031419E /* SwiftNote AI */;
			targetProxy = C9F047202CF92F090031419E /* PBXContainerItemProxy */;
		};
		C9F0472B2CF92F090031419E /* PBXTargetDependency */ = {
			isa = PBXTargetDependency;
			target = C9F047072CF92F080031419E /* SwiftNote AI */;
			targetProxy = C9F0472A2CF92F090031419E /* PBXContainerItemProxy */;
		};
/* End PBXTargetDependency section */

/* Begin XCBuildConfiguration section */
		C9F047332CF92F090031419E /* Debug */ = {
			isa = XCBuildConfiguration;
			buildSettings = {
				ASSETCATALOG_COMPILER_APPICON_NAME = AppIcon;
				ASSETCATALOG_COMPILER_GLOBAL_ACCENT_COLOR_NAME = AccentColor;
				CODE_SIGN_ENTITLEMENTS = "SwiftNote AI/SwiftNote_AI.entitlements";
				CODE_SIGN_STYLE = Automatic;
				CURRENT_PROJECT_VERSION = 1;
				DEVELOPMENT_ASSET_PATHS = "\"SwiftNote AI/Preview Content\"";
				DEVELOPMENT_TEAM = 44YH7KBJ2U;
				ENABLE_PREVIEWS = YES;
				GENERATE_INFOPLIST_FILE = YES;
				INFOPLIST_FILE = "SwiftNote AI/Info.plist";
				INFOPLIST_KEY_CFBundleDisplayName = "SwiftNote AI";
				INFOPLIST_KEY_LSApplicationCategoryType = "public.app-category.productivity";
				INFOPLIST_KEY_LSSupportsOpeningDocumentsInPlace = YES;
				INFOPLIST_KEY_NSCameraUsageDescription = "We need camera access to scan documents and create notes";
				INFOPLIST_KEY_NSMicrophoneUsageDescription = "We need microphone access to record audio notes";
				INFOPLIST_KEY_NSPhotoLibraryUsageDescription = "We need access to your photos to import images for notes";
				INFOPLIST_KEY_NSSpeechRecognitionUsageDescription = "We use speech recognition to transcribe your audio notes";
				INFOPLIST_KEY_UIApplicationSupportsIndirectInputEvents = YES;
				INFOPLIST_KEY_UIRequiredDeviceCapabilities = armv7;
				INFOPLIST_KEY_UIRequiresFullScreen = YES;
				INFOPLIST_KEY_UISupportedInterfaceOrientations = UIInterfaceOrientationPortrait;
				INFOPLIST_KEY_UISupportsDocumentBrowser = YES;
				IPHONEOS_DEPLOYMENT_TARGET = 16.6;
				LD_RUNPATH_SEARCH_PATHS = (
					"$(inherited)",
					"@executable_path/Frameworks",
				);
				MARKETING_VERSION = 1.0;
				PRODUCT_BUNDLE_IDENTIFIER = "com.kyb.SwiftNote-AI";
				PRODUCT_NAME = "$(TARGET_NAME)";
				SWIFT_EMIT_LOC_STRINGS = YES;
				SWIFT_VERSION = 5.0;
				TARGETED_DEVICE_FAMILY = "1,2";
			};
			name = Debug;
		};
		C9F047342CF92F090031419E /* Release */ = {
			isa = XCBuildConfiguration;
			buildSettings = {
				ASSETCATALOG_COMPILER_APPICON_NAME = AppIcon;
				ASSETCATALOG_COMPILER_GLOBAL_ACCENT_COLOR_NAME = AccentColor;
				CODE_SIGN_ENTITLEMENTS = "SwiftNote AI/SwiftNote_AI.entitlements";
				CODE_SIGN_STYLE = Automatic;
				CURRENT_PROJECT_VERSION = 1;
				DEVELOPMENT_ASSET_PATHS = "\"SwiftNote AI/Preview Content\"";
				DEVELOPMENT_TEAM = 44YH7KBJ2U;
				ENABLE_PREVIEWS = YES;
				GENERATE_INFOPLIST_FILE = YES;
				INFOPLIST_FILE = "SwiftNote AI/Info.plist";
				INFOPLIST_KEY_CFBundleDisplayName = "SwiftNote AI";
				INFOPLIST_KEY_LSApplicationCategoryType = "public.app-category.productivity";
				INFOPLIST_KEY_LSSupportsOpeningDocumentsInPlace = YES;
				INFOPLIST_KEY_NSCameraUsageDescription = "We need camera access to scan documents and create notes";
				INFOPLIST_KEY_NSMicrophoneUsageDescription = "We need microphone access to record audio notes";
				INFOPLIST_KEY_NSPhotoLibraryUsageDescription = "We need access to your photos to import images for notes";
				INFOPLIST_KEY_NSSpeechRecognitionUsageDescription = "We use speech recognition to transcribe your audio notes";
				INFOPLIST_KEY_UIApplicationSupportsIndirectInputEvents = YES;
				INFOPLIST_KEY_UIRequiredDeviceCapabilities = armv7;
				INFOPLIST_KEY_UIRequiresFullScreen = YES;
				INFOPLIST_KEY_UISupportedInterfaceOrientations = UIInterfaceOrientationPortrait;
				INFOPLIST_KEY_UISupportsDocumentBrowser = YES;
				IPHONEOS_DEPLOYMENT_TARGET = 16.6;
				LD_RUNPATH_SEARCH_PATHS = (
					"$(inherited)",
					"@executable_path/Frameworks",
				);
				MARKETING_VERSION = 1.0;
				PRODUCT_BUNDLE_IDENTIFIER = "com.kyb.SwiftNote-AI";
				PRODUCT_NAME = "$(TARGET_NAME)";
				SWIFT_EMIT_LOC_STRINGS = YES;
				SWIFT_VERSION = 5.0;
				TARGETED_DEVICE_FAMILY = "1,2";
			};
			name = Release;
		};
		C9F047352CF92F090031419E /* Debug */ = {
			isa = XCBuildConfiguration;
			buildSettings = {
				ALWAYS_SEARCH_USER_PATHS = NO;
				ASSETCATALOG_COMPILER_GENERATE_SWIFT_ASSET_SYMBOL_EXTENSIONS = YES;
				CLANG_ANALYZER_NONNULL = YES;
				CLANG_ANALYZER_NUMBER_OBJECT_CONVERSION = YES_AGGRESSIVE;
				CLANG_CXX_LANGUAGE_STANDARD = "gnu++20";
				CLANG_ENABLE_MODULES = YES;
				CLANG_ENABLE_OBJC_ARC = YES;
				CLANG_ENABLE_OBJC_WEAK = YES;
				CLANG_WARN_BLOCK_CAPTURE_AUTORELEASING = YES;
				CLANG_WARN_BOOL_CONVERSION = YES;
				CLANG_WARN_COMMA = YES;
				CLANG_WARN_CONSTANT_CONVERSION = YES;
				CLANG_WARN_DEPRECATED_OBJC_IMPLEMENTATIONS = YES;
				CLANG_WARN_DIRECT_OBJC_ISA_USAGE = YES_ERROR;
				CLANG_WARN_DOCUMENTATION_COMMENTS = YES;
				CLANG_WARN_EMPTY_BODY = YES;
				CLANG_WARN_ENUM_CONVERSION = YES;
				CLANG_WARN_INFINITE_RECURSION = YES;
				CLANG_WARN_INT_CONVERSION = YES;
				CLANG_WARN_NON_LITERAL_NULL_CONVERSION = YES;
				CLANG_WARN_OBJC_IMPLICIT_RETAIN_SELF = YES;
				CLANG_WARN_OBJC_LITERAL_CONVERSION = YES;
				CLANG_WARN_OBJC_ROOT_CLASS = YES_ERROR;
				CLANG_WARN_QUOTED_INCLUDE_IN_FRAMEWORK_HEADER = YES;
				CLANG_WARN_RANGE_LOOP_ANALYSIS = YES;
				CLANG_WARN_STRICT_PROTOTYPES = YES;
				CLANG_WARN_SUSPICIOUS_MOVE = YES;
				CLANG_WARN_UNGUARDED_AVAILABILITY = YES_AGGRESSIVE;
				CLANG_WARN_UNREACHABLE_CODE = YES;
				CLANG_WARN__DUPLICATE_METHOD_MATCH = YES;
				COPY_PHASE_STRIP = NO;
				DEBUG_INFORMATION_FORMAT = dwarf;
				ENABLE_STRICT_OBJC_MSGSEND = YES;
				ENABLE_TESTABILITY = YES;
				ENABLE_USER_SCRIPT_SANDBOXING = YES;
				GCC_C_LANGUAGE_STANDARD = gnu17;
				GCC_DYNAMIC_NO_PIC = NO;
				GCC_NO_COMMON_BLOCKS = YES;
				GCC_OPTIMIZATION_LEVEL = 0;
				GCC_PREPROCESSOR_DEFINITIONS = (
					"DEBUG=1",
					"$(inherited)",
				);
				GCC_WARN_64_TO_32_BIT_CONVERSION = YES;
				GCC_WARN_ABOUT_RETURN_TYPE = YES_ERROR;
				GCC_WARN_UNDECLARED_SELECTOR = YES;
				GCC_WARN_UNINITIALIZED_AUTOS = YES_AGGRESSIVE;
				GCC_WARN_UNUSED_FUNCTION = YES;
				GCC_WARN_UNUSED_VARIABLE = YES;
				IPHONEOS_DEPLOYMENT_TARGET = 18.1;
				LOCALIZATION_PREFERS_STRING_CATALOGS = YES;
				MTL_ENABLE_DEBUG_INFO = INCLUDE_SOURCE;
				MTL_FAST_MATH = YES;
				ONLY_ACTIVE_ARCH = YES;
				SDKROOT = iphoneos;
				SWIFT_ACTIVE_COMPILATION_CONDITIONS = "DEBUG $(inherited)";
				SWIFT_OPTIMIZATION_LEVEL = "-Onone";
			};
			name = Debug;
		};
		C9F047362CF92F090031419E /* Release */ = {
			isa = XCBuildConfiguration;
			buildSettings = {
				ALWAYS_SEARCH_USER_PATHS = NO;
				ASSETCATALOG_COMPILER_GENERATE_SWIFT_ASSET_SYMBOL_EXTENSIONS = YES;
				CLANG_ANALYZER_NONNULL = YES;
				CLANG_ANALYZER_NUMBER_OBJECT_CONVERSION = YES_AGGRESSIVE;
				CLANG_CXX_LANGUAGE_STANDARD = "gnu++20";
				CLANG_ENABLE_MODULES = YES;
				CLANG_ENABLE_OBJC_ARC = YES;
				CLANG_ENABLE_OBJC_WEAK = YES;
				CLANG_WARN_BLOCK_CAPTURE_AUTORELEASING = YES;
				CLANG_WARN_BOOL_CONVERSION = YES;
				CLANG_WARN_COMMA = YES;
				CLANG_WARN_CONSTANT_CONVERSION = YES;
				CLANG_WARN_DEPRECATED_OBJC_IMPLEMENTATIONS = YES;
				CLANG_WARN_DIRECT_OBJC_ISA_USAGE = YES_ERROR;
				CLANG_WARN_DOCUMENTATION_COMMENTS = YES;
				CLANG_WARN_EMPTY_BODY = YES;
				CLANG_WARN_ENUM_CONVERSION = YES;
				CLANG_WARN_INFINITE_RECURSION = YES;
				CLANG_WARN_INT_CONVERSION = YES;
				CLANG_WARN_NON_LITERAL_NULL_CONVERSION = YES;
				CLANG_WARN_OBJC_IMPLICIT_RETAIN_SELF = YES;
				CLANG_WARN_OBJC_LITERAL_CONVERSION = YES;
				CLANG_WARN_OBJC_ROOT_CLASS = YES_ERROR;
				CLANG_WARN_QUOTED_INCLUDE_IN_FRAMEWORK_HEADER = YES;
				CLANG_WARN_RANGE_LOOP_ANALYSIS = YES;
				CLANG_WARN_STRICT_PROTOTYPES = YES;
				CLANG_WARN_SUSPICIOUS_MOVE = YES;
				CLANG_WARN_UNGUARDED_AVAILABILITY = YES_AGGRESSIVE;
				CLANG_WARN_UNREACHABLE_CODE = YES;
				CLANG_WARN__DUPLICATE_METHOD_MATCH = YES;
				COPY_PHASE_STRIP = NO;
				DEBUG_INFORMATION_FORMAT = "dwarf-with-dsym";
				ENABLE_NS_ASSERTIONS = NO;
				ENABLE_STRICT_OBJC_MSGSEND = YES;
				ENABLE_USER_SCRIPT_SANDBOXING = YES;
				GCC_C_LANGUAGE_STANDARD = gnu17;
				GCC_NO_COMMON_BLOCKS = YES;
				GCC_WARN_64_TO_32_BIT_CONVERSION = YES;
				GCC_WARN_ABOUT_RETURN_TYPE = YES_ERROR;
				GCC_WARN_UNDECLARED_SELECTOR = YES;
				GCC_WARN_UNINITIALIZED_AUTOS = YES_AGGRESSIVE;
				GCC_WARN_UNUSED_FUNCTION = YES;
				GCC_WARN_UNUSED_VARIABLE = YES;
				IPHONEOS_DEPLOYMENT_TARGET = 18.1;
				LOCALIZATION_PREFERS_STRING_CATALOGS = YES;
				MTL_ENABLE_DEBUG_INFO = NO;
				MTL_FAST_MATH = YES;
				SDKROOT = iphoneos;
				SWIFT_COMPILATION_MODE = wholemodule;
				VALIDATE_PRODUCT = YES;
			};
			name = Release;
		};
		C9F047382CF92F090031419E /* Debug */ = {
			isa = XCBuildConfiguration;
			buildSettings = {
				BUNDLE_LOADER = "$(TEST_HOST)";
				CODE_SIGN_STYLE = Automatic;
				CURRENT_PROJECT_VERSION = 1;
				DEVELOPMENT_TEAM = 2S256PTN3T;
				GENERATE_INFOPLIST_FILE = YES;
				IPHONEOS_DEPLOYMENT_TARGET = 18.1;
				MARKETING_VERSION = 1.0;
				PRODUCT_BUNDLE_IDENTIFIER = "com.kyb.SwiftNote-AITests";
				PRODUCT_NAME = "$(TARGET_NAME)";
				SWIFT_EMIT_LOC_STRINGS = NO;
				SWIFT_VERSION = 5.0;
				TARGETED_DEVICE_FAMILY = "1,2";
				TEST_HOST = "$(BUILT_PRODUCTS_DIR)/SwiftNote AI.app/$(BUNDLE_EXECUTABLE_FOLDER_PATH)/SwiftNote AI";
			};
			name = Debug;
		};
		C9F047392CF92F090031419E /* Release */ = {
			isa = XCBuildConfiguration;
			buildSettings = {
				BUNDLE_LOADER = "$(TEST_HOST)";
				CODE_SIGN_STYLE = Automatic;
				CURRENT_PROJECT_VERSION = 1;
				DEVELOPMENT_TEAM = 2S256PTN3T;
				GENERATE_INFOPLIST_FILE = YES;
				IPHONEOS_DEPLOYMENT_TARGET = 18.1;
				MARKETING_VERSION = 1.0;
				PRODUCT_BUNDLE_IDENTIFIER = "com.kyb.SwiftNote-AITests";
				PRODUCT_NAME = "$(TARGET_NAME)";
				SWIFT_EMIT_LOC_STRINGS = NO;
				SWIFT_VERSION = 5.0;
				TARGETED_DEVICE_FAMILY = "1,2";
				TEST_HOST = "$(BUILT_PRODUCTS_DIR)/SwiftNote AI.app/$(BUNDLE_EXECUTABLE_FOLDER_PATH)/SwiftNote AI";
			};
			name = Release;
		};
		C9F0473B2CF92F090031419E /* Debug */ = {
			isa = XCBuildConfiguration;
			buildSettings = {
				CODE_SIGN_STYLE = Automatic;
				CURRENT_PROJECT_VERSION = 1;
				DEVELOPMENT_TEAM = 2S256PTN3T;
				GENERATE_INFOPLIST_FILE = YES;
				MARKETING_VERSION = 1.0;
				PRODUCT_BUNDLE_IDENTIFIER = "com.kyb.SwiftNote-AIUITests";
				PRODUCT_NAME = "$(TARGET_NAME)";
				SWIFT_EMIT_LOC_STRINGS = NO;
				SWIFT_VERSION = 5.0;
				TARGETED_DEVICE_FAMILY = "1,2";
				TEST_TARGET_NAME = "SwiftNote AI";
			};
			name = Debug;
		};
		C9F0473C2CF92F090031419E /* Release */ = {
			isa = XCBuildConfiguration;
			buildSettings = {
				CODE_SIGN_STYLE = Automatic;
				CURRENT_PROJECT_VERSION = 1;
				DEVELOPMENT_TEAM = 2S256PTN3T;
				GENERATE_INFOPLIST_FILE = YES;
				MARKETING_VERSION = 1.0;
				PRODUCT_BUNDLE_IDENTIFIER = "com.kyb.SwiftNote-AIUITests";
				PRODUCT_NAME = "$(TARGET_NAME)";
				SWIFT_EMIT_LOC_STRINGS = NO;
				SWIFT_VERSION = 5.0;
				TARGETED_DEVICE_FAMILY = "1,2";
				TEST_TARGET_NAME = "SwiftNote AI";
			};
			name = Release;
		};
/* End XCBuildConfiguration section */

/* Begin XCConfigurationList section */
		C9F047032CF92F080031419E /* Build configuration list for PBXProject "SwiftNote AI" */ = {
			isa = XCConfigurationList;
			buildConfigurations = (
				C9F047352CF92F090031419E /* Debug */,
				C9F047362CF92F090031419E /* Release */,
			);
			defaultConfigurationIsVisible = 0;
			defaultConfigurationName = Release;
		};
		C9F047322CF92F090031419E /* Build configuration list for PBXNativeTarget "SwiftNote AI" */ = {
			isa = XCConfigurationList;
			buildConfigurations = (
				C9F047332CF92F090031419E /* Debug */,
				C9F047342CF92F090031419E /* Release */,
			);
			defaultConfigurationIsVisible = 0;
			defaultConfigurationName = Release;
		};
		C9F047372CF92F090031419E /* Build configuration list for PBXNativeTarget "SwiftNote AITests" */ = {
			isa = XCConfigurationList;
			buildConfigurations = (
				C9F047382CF92F090031419E /* Debug */,
				C9F047392CF92F090031419E /* Release */,
			);
			defaultConfigurationIsVisible = 0;
			defaultConfigurationName = Release;
		};
		C9F0473A2CF92F090031419E /* Build configuration list for PBXNativeTarget "SwiftNote AIUITests" */ = {
			isa = XCConfigurationList;
			buildConfigurations = (
				C9F0473B2CF92F090031419E /* Debug */,
				C9F0473C2CF92F090031419E /* Release */,
			);
			defaultConfigurationIsVisible = 0;
			defaultConfigurationName = Release;
		};
/* End XCConfigurationList section */

/* Begin XCRemoteSwiftPackageReference section */
		C950AFAA2D5D0AD600558875 /* XCRemoteSwiftPackageReference "AIProxySwift" */ = {
			isa = XCRemoteSwiftPackageReference;
			repositoryURL = "https://github.com/lzell/AIProxySwift";
			requirement = {
				kind = upToNextMajorVersion;
				minimumVersion = 0.70.0;
			};
		};
		C950B0332D5E1EAC00558875 /* XCRemoteSwiftPackageReference "Down" */ = {
			isa = XCRemoteSwiftPackageReference;
			repositoryURL = "https://github.com/johnxnguyen/Down";
			requirement = {
				branch = master;
				kind = branch;
			};
		};
		C98454CE2DB2307C0008CDDB /* XCRemoteSwiftPackageReference "SwiftSoup" */ = {
			isa = XCRemoteSwiftPackageReference;
			repositoryURL = "https://github.com/scinfu/SwiftSoup";
			requirement = {
				kind = upToNextMajorVersion;
				minimumVersion = 2.8.7;
			};
		};
		C9BDA81B2DCE302E0039A5BB /* XCRemoteSwiftPackageReference "supabase-swift" */ = {
			isa = XCRemoteSwiftPackageReference;
			repositoryURL = "https://github.com/supabase/supabase-swift.git";
			requirement = {
				kind = upToNextMajorVersion;
				minimumVersion = 2.5.1;
			};
		};
/* End XCRemoteSwiftPackageReference section */

/* Begin XCSwiftPackageProductDependency section */
		C950AFAB2D5D0AD600558875 /* AIProxy */ = {
			isa = XCSwiftPackageProductDependency;
			package = C950AFAA2D5D0AD600558875 /* XCRemoteSwiftPackageReference "AIProxySwift" */;
			productName = AIProxy;
		};
		C950B0342D5E1EAC00558875 /* Down */ = {
			isa = XCSwiftPackageProductDependency;
			package = C950B0332D5E1EAC00558875 /* XCRemoteSwiftPackageReference "Down" */;
			productName = Down;
		};
		C98454CF2DB2307C0008CDDB /* SwiftSoup */ = {
			isa = XCSwiftPackageProductDependency;
			package = C98454CE2DB2307C0008CDDB /* XCRemoteSwiftPackageReference "SwiftSoup" */;
			productName = SwiftSoup;
		};
		C9BDA81C2DCE302E0039A5BB /* Auth */ = {
			isa = XCSwiftPackageProductDependency;
			package = C9BDA81B2DCE302E0039A5BB /* XCRemoteSwiftPackageReference "supabase-swift" */;
			productName = Auth;
		};
		C9BDA81E2DCE302E0039A5BB /* PostgREST */ = {
			isa = XCSwiftPackageProductDependency;
			package = C9BDA81B2DCE302E0039A5BB /* XCRemoteSwiftPackageReference "supabase-swift" */;
			productName = PostgREST;
		};
		C9BDA8202DCE302E0039A5BB /* Realtime */ = {
			isa = XCSwiftPackageProductDependency;
			package = C9BDA81B2DCE302E0039A5BB /* XCRemoteSwiftPackageReference "supabase-swift" */;
			productName = Realtime;
		};
		C9BDA8222DCE302E0039A5BB /* Storage */ = {
			isa = XCSwiftPackageProductDependency;
			package = C9BDA81B2DCE302E0039A5BB /* XCRemoteSwiftPackageReference "supabase-swift" */;
			productName = Storage;
		};
		C9BDA8242DCE302E0039A5BB /* Supabase */ = {
			isa = XCSwiftPackageProductDependency;
			package = C9BDA81B2DCE302E0039A5BB /* XCRemoteSwiftPackageReference "supabase-swift" */;
			productName = Supabase;
		};
/* End XCSwiftPackageProductDependency section */
	};
	rootObject = C9F047002CF92F080031419E /* Project object */;
}
