{
  "originHash" : "951a5734a4cd1077abcd5580878893c744a4fa26814b88ba7f411115d80fd398",
  "pins" : [
    {
      "identity" : "aiproxyswift",
      "kind" : "remoteSourceControl",
      "location" : "https://github.com/lzell/AIProxySwift",
      "state" : {
        "revision" : "03e4570ee7e16b6c44d41aa431d557352a82641b",
        "version" : "0.70.0"
      }
    },
    {
      "identity" : "down",
      "kind" : "remoteSourceControl",
      "location" : "https://github.com/johnxnguyen/Down",
      "state" : {
        "branch" : "master",
        "revision" : "e754ab1c80920dd51a8e08290c912ac1c2ac8b58"
      }
    },
    {
      "identity" : "swiftsoup",
      "kind" : "remoteSourceControl",
      "location" : "https://github.com/scinfu/SwiftSoup",
      "state" : {
        "revision" : "bba848db50462894e7fc0891d018dfecad4ef11e",
        "version" : "2.8.7"
      }
    }
  ],
  "version" : 3
}
